// !$*UTF8*$!
{
	archiveVersion = 1;
	classes = {
	};
	objectVersion = 50;
	objects = {

/* Begin PBXBuildFile section */
		90A16D2425EC249B00A71EAB /* AppDelegate.swift in Sources */ = {isa = PBXBuildFile; fileRef = 90A16D2325EC249B00A71EAB /* AppDelegate.swift */; };
		90A16D2625EC249B00A71EAB /* ClockView.swift in Sources */ = {isa = PBXBuildFile; fileRef = 90A16D2525EC249B00A71EAB /* ClockView.swift */; };
		90A16D2825EC249D00A71EAB /* Assets.xcassets in Resources */ = {isa = PBXBuildFile; fileRef = 90A16D2725EC249D00A71EAB /* Assets.xcassets */; };
		90A16D2B25EC249D00A71EAB /* Preview Assets.xcassets in Resources */ = {isa = PBXBuildFile; fileRef = 90A16D2A25EC249D00A71EAB /* Preview Assets.xcassets */; };
		90A16D2E25EC249D00A71EAB /* Main.storyboard in Resources */ = {isa = PBXBuildFile; fileRef = 90A16D2C25EC249D00A71EAB /* Main.storyboard */; };
/* End PBXBuildFile section */

/* Begin PBXFileReference section */
		50F1E68025EEE0610091BA55 /* README.md */ = {isa = PBXFileReference; lastKnownFileType = net.daringfireball.markdown; path = README.md; sourceTree = "<group>"; };
		90A16D2025EC249B00A71EAB /* NikeClockIcon.app */ = {isa = PBXFileReference; explicitFileType = wrapper.application; includeInIndex = 0; path = NikeClockIcon.app; sourceTree = BUILT_PRODUCTS_DIR; };
		90A16D2325EC249B00A71EAB /* AppDelegate.swift */ = {isa = PBXFileReference; lastKnownFileType = sourcecode.swift; path = AppDelegate.swift; sourceTree = "<group>"; };
		90A16D2525EC249B00A71EAB /* ClockView.swift */ = {isa = PBXFileReference; lastKnownFileType = sourcecode.swift; path = ClockView.swift; sourceTree = "<group>"; };
		90A16D2725EC249D00A71EAB /* Assets.xcassets */ = {isa = PBXFileReference; lastKnownFileType = folder.assetcatalog; path = Assets.xcassets; sourceTree = "<group>"; };
		90A16D2A25EC249D00A71EAB /* Preview Assets.xcassets */ = {isa = PBXFileReference; lastKnownFileType = folder.assetcatalog; path = "Preview Assets.xcassets"; sourceTree = "<group>"; };
		90A16D2D25EC249D00A71EAB /* Base */ = {isa = PBXFileReference; lastKnownFileType = file.storyboard; name = Base; path = Base.lproj/Main.storyboard; sourceTree = "<group>"; };
		90A16D2F25EC249D00A71EAB /* Info.plist */ = {isa = PBXFileReference; lastKnownFileType = text.plist.xml; path = Info.plist; sourceTree = "<group>"; };
		90A16D3025EC249D00A71EAB /* NikeClockIcon.entitlements */ = {isa = PBXFileReference; lastKnownFileType = text.plist.entitlements; path = NikeClockIcon.entitlements; sourceTree = "<group>"; };
/* End PBXFileReference section */

/* Begin PBXFrameworksBuildPhase section */
		90A16D1D25EC249B00A71EAB /* Frameworks */ = {
			isa = PBXFrameworksBuildPhase;
			buildActionMask = 2147483647;
			files = (
			);
			runOnlyForDeploymentPostprocessing = 0;
		};
/* End PBXFrameworksBuildPhase section */

/* Begin PBXGroup section */
		90A16D1725EC249B00A71EAB = {
			isa = PBXGroup;
			children = (
				50F1E68025EEE0610091BA55 /* README.md */,
				90A16D2225EC249B00A71EAB /* NikeClockIcon */,
				90A16D2125EC249B00A71EAB /* Products */,
			);
			sourceTree = "<group>";
		};
		90A16D2125EC249B00A71EAB /* Products */ = {
			isa = PBXGroup;
			children = (
				90A16D2025EC249B00A71EAB /* NikeClockIcon.app */,
			);
			name = Products;
			sourceTree = "<group>";
		};
		90A16D2225EC249B00A71EAB /* NikeClockIcon */ = {
			isa = PBXGroup;
			children = (
				90A16D2325EC249B00A71EAB /* AppDelegate.swift */,
				90A16D2525EC249B00A71EAB /* ClockView.swift */,
				90A16D2725EC249D00A71EAB /* Assets.xcassets */,
				90A16D2C25EC249D00A71EAB /* Main.storyboard */,
				90A16D2F25EC249D00A71EAB /* Info.plist */,
				90A16D3025EC249D00A71EAB /* NikeClockIcon.entitlements */,
				90A16D2925EC249D00A71EAB /* Preview Content */,
			);
			path = NikeClockIcon;
			sourceTree = "<group>";
		};
		90A16D2925EC249D00A71EAB /* Preview Content */ = {
			isa = PBXGroup;
			children = (
				90A16D2A25EC249D00A71EAB /* Preview Assets.xcassets */,
			);
			path = "Preview Content";
			sourceTree = "<group>";
		};
/* End PBXGroup section */

/* Begin PBXNativeTarget section */
		90A16D1F25EC249B00A71EAB /* NikeClockIcon */ = {
			isa = PBXNativeTarget;
			buildConfigurationList = 90A16D3325EC249D00A71EAB /* Build configuration list for PBXNativeTarget "NikeClockIcon" */;
			buildPhases = (
				90A16D1C25EC249B00A71EAB /* Sources */,
				90A16D1D25EC249B00A71EAB /* Frameworks */,
				90A16D1E25EC249B00A71EAB /* Resources */,
			);
			buildRules = (
			);
			dependencies = (
			);
			name = NikeClockIcon;
			productName = NikeClockIcon;
			productReference = 90A16D2025EC249B00A71EAB /* NikeClockIcon.app */;
			productType = "com.apple.product-type.application";
		};
/* End PBXNativeTarget section */

/* Begin PBXProject section */
		90A16D1825EC249B00A71EAB /* Project object */ = {
			isa = PBXProject;
			attributes = {
				LastSwiftUpdateCheck = 1240;
				LastUpgradeCheck = 1240;
				TargetAttributes = {
					90A16D1F25EC249B00A71EAB = {
						CreatedOnToolsVersion = 12.4;
					};
				};
			};
			buildConfigurationList = 90A16D1B25EC249B00A71EAB /* Build configuration list for PBXProject "NikeClockIcon" */;
			compatibilityVersion = "Xcode 9.3";
			developmentRegion = en;
			hasScannedForEncodings = 0;
			knownRegions = (
				en,
				Base,
			);
			mainGroup = 90A16D1725EC249B00A71EAB;
			productRefGroup = 90A16D2125EC249B00A71EAB /* Products */;
			projectDirPath = "";
			projectRoot = "";
			targets = (
				90A16D1F25EC249B00A71EAB /* NikeClockIcon */,
			);
		};
/* End PBXProject section */

/* Begin PBXResourcesBuildPhase section */
		90A16D1E25EC249B00A71EAB /* Resources */ = {
			isa = PBXResourcesBuildPhase;
			buildActionMask = 2147483647;
			files = (
				90A16D2E25EC249D00A71EAB /* Main.storyboard in Resources */,
				90A16D2B25EC249D00A71EAB /* Preview Assets.xcassets in Resources */,
				90A16D2825EC249D00A71EAB /* Assets.xcassets in Resources */,
			);
			runOnlyForDeploymentPostprocessing = 0;
		};
/* End PBXResourcesBuildPhase section */

/* Begin PBXSourcesBuildPhase section */
		90A16D1C25EC249B00A71EAB /* Sources */ = {
			isa = PBXSourcesBuildPhase;
			buildActionMask = 2147483647;
			files = (
				90A16D2625EC249B00A71EAB /* ClockView.swift in Sources */,
				90A16D2425EC249B00A71EAB /* AppDelegate.swift in Sources */,
			);
			runOnlyForDeploymentPostprocessing = 0;
		};
/* End PBXSourcesBuildPhase section */

/* Begin PBXVariantGroup section */
		90A16D2C25EC249D00A71EAB /* Main.storyboard */ = {
			isa = PBXVariantGroup;
			children = (
				90A16D2D25EC249D00A71EAB /* Base */,
			);
			name = Main.storyboard;
			sourceTree = "<group>";
		};
/* End PBXVariantGroup section */

/* Begin XCBuildConfiguration section */
		90A16D3125EC249D00A71EAB /* Debug */ = {
			isa = XCBuildConfiguration;
			buildSettings = {
				ALWAYS_SEARCH_USER_PATHS = NO;
				CLANG_ANALYZER_NONNULL = YES;
				CLANG_ANALYZER_NUMBER_OBJECT_CONVERSION = YES_AGGRESSIVE;
				CLANG_CXX_LANGUAGE_STANDARD = "gnu++14";
				CLANG_CXX_LIBRARY = "libc++";
				CLANG_ENABLE_MODULES = YES;
				CLANG_ENABLE_OBJC_ARC = YES;
				CLANG_ENABLE_OBJC_WEAK = YES;
				CLANG_WARN_BLOCK_CAPTURE_AUTORELEASING = YES;
				CLANG_WARN_BOOL_CONVERSION = YES;
				CLANG_WARN_COMMA = YES;
				CLANG_WARN_CONSTANT_CONVERSION = YES;
				CLANG_WARN_DEPRECATED_OBJC_IMPLEMENTATIONS = YES;
				CLANG_WARN_DIRECT_OBJC_ISA_USAGE = YES_ERROR;
				CLANG_WARN_DOCUMENTATION_COMMENTS = YES;
				CLANG_WARN_EMPTY_BODY = YES;
				CLANG_WARN_ENUM_CONVERSION = YES;
				CLANG_WARN_INFINITE_RECURSION = YES;
				CLANG_WARN_INT_CONVERSION = YES;
				CLANG_WARN_NON_LITERAL_NULL_CONVERSION = YES;
				CLANG_WARN_OBJC_IMPLICIT_RETAIN_SELF = YES;
				CLANG_WARN_OBJC_LITERAL_CONVERSION = YES;
				CLANG_WARN_OBJC_ROOT_CLASS = YES_ERROR;
				CLANG_WARN_QUOTED_INCLUDE_IN_FRAMEWORK_HEADER = YES;
				CLANG_WARN_RANGE_LOOP_ANALYSIS = YES;
				CLANG_WARN_STRICT_PROTOTYPES = YES;
				CLANG_WARN_SUSPICIOUS_MOVE = YES;
				CLANG_WARN_UNGUARDED_AVAILABILITY = YES_AGGRESSIVE;
				CLANG_WARN_UNREACHABLE_CODE = YES;
				CLANG_WARN__DUPLICATE_METHOD_MATCH = YES;
				COPY_PHASE_STRIP = NO;
				DEBUG_INFORMATION_FORMAT = dwarf;
				ENABLE_STRICT_OBJC_MSGSEND = YES;
				ENABLE_TESTABILITY = YES;
				GCC_C_LANGUAGE_STANDARD = gnu11;
				GCC_DYNAMIC_NO_PIC = NO;
				GCC_NO_COMMON_BLOCKS = YES;
				GCC_OPTIMIZATION_LEVEL = 0;
				GCC_PREPROCESSOR_DEFINITIONS = (
					"DEBUG=1",
					"$(inherited)",
				);
				GCC_WARN_64_TO_32_BIT_CONVERSION = YES;
				GCC_WARN_ABOUT_RETURN_TYPE = YES_ERROR;
				GCC_WARN_UNDECLARED_SELECTOR = YES;
				GCC_WARN_UNINITIALIZED_AUTOS = YES_AGGRESSIVE;
				GCC_WARN_UNUSED_FUNCTION = YES;
				GCC_WARN_UNUSED_VARIABLE = YES;
				MACOSX_DEPLOYMENT_TARGET = 11.1;
				MTL_ENABLE_DEBUG_INFO = INCLUDE_SOURCE;
				MTL_FAST_MATH = YES;
				ONLY_ACTIVE_ARCH = YES;
				SDKROOT = macosx;
				SWIFT_ACTIVE_COMPILATION_CONDITIONS = DEBUG;
				SWIFT_OPTIMIZATION_LEVEL = "-Onone";
			};
			name = Debug;
		};
		90A16D3225EC249D00A71EAB /* Release */ = {
			isa = XCBuildConfiguration;
			buildSettings = {
				ALWAYS_SEARCH_USER_PATHS = NO;
				CLANG_ANALYZER_NONNULL = YES;
				CLANG_ANALYZER_NUMBER_OBJECT_CONVERSION = YES_AGGRESSIVE;
				CLANG_CXX_LANGUAGE_STANDARD = "gnu++14";
				CLANG_CXX_LIBRARY = "libc++";
				CLANG_ENABLE_MODULES = YES;
				CLANG_ENABLE_OBJC_ARC = YES;
				CLANG_ENABLE_OBJC_WEAK = YES;
				CLANG_WARN_BLOCK_CAPTURE_AUTORELEASING = YES;
				CLANG_WARN_BOOL_CONVERSION = YES;
				CLANG_WARN_COMMA = YES;
				CLANG_WARN_CONSTANT_CONVERSION = YES;
				CLANG_WARN_DEPRECATED_OBJC_IMPLEMENTATIONS = YES;
				CLANG_WARN_DIRECT_OBJC_ISA_USAGE = YES_ERROR;
				CLANG_WARN_DOCUMENTATION_COMMENTS = YES;
				CLANG_WARN_EMPTY_BODY = YES;
				CLANG_WARN_ENUM_CONVERSION = YES;
				CLANG_WARN_INFINITE_RECURSION = YES;
				CLANG_WARN_INT_CONVERSION = YES;
				CLANG_WARN_NON_LITERAL_NULL_CONVERSION = YES;
				CLANG_WARN_OBJC_IMPLICIT_RETAIN_SELF = YES;
				CLANG_WARN_OBJC_LITERAL_CONVERSION = YES;
				CLANG_WARN_OBJC_ROOT_CLASS = YES_ERROR;
				CLANG_WARN_QUOTED_INCLUDE_IN_FRAMEWORK_HEADER = YES;
				CLANG_WARN_RANGE_LOOP_ANALYSIS = YES;
				CLANG_WARN_STRICT_PROTOTYPES = YES;
				CLANG_WARN_SUSPICIOUS_MOVE = YES;
				CLANG_WARN_UNGUARDED_AVAILABILITY = YES_AGGRESSIVE;
				CLANG_WARN_UNREACHABLE_CODE = YES;
				CLANG_WARN__DUPLICATE_METHOD_MATCH = YES;
				COPY_PHASE_STRIP = NO;
				DEBUG_INFORMATION_FORMAT = "dwarf-with-dsym";
				ENABLE_NS_ASSERTIONS = NO;
				ENABLE_STRICT_OBJC_MSGSEND = YES;
				GCC_C_LANGUAGE_STANDARD = gnu11;
				GCC_NO_COMMON_BLOCKS = YES;
				GCC_WARN_64_TO_32_BIT_CONVERSION = YES;
				GCC_WARN_ABOUT_RETURN_TYPE = YES_ERROR;
				GCC_WARN_UNDECLARED_SELECTOR = YES;
				GCC_WARN_UNINITIALIZED_AUTOS = YES_AGGRESSIVE;
				GCC_WARN_UNUSED_FUNCTION = YES;
				GCC_WARN_UNUSED_VARIABLE = YES;
				MACOSX_DEPLOYMENT_TARGET = 11.1;
				MTL_ENABLE_DEBUG_INFO = NO;
				MTL_FAST_MATH = YES;
				SDKROOT = macosx;
				SWIFT_COMPILATION_MODE = wholemodule;
				SWIFT_OPTIMIZATION_LEVEL = "-O";
			};
			name = Release;
		};
		90A16D3425EC249D00A71EAB /* Debug */ = {
			isa = XCBuildConfiguration;
			buildSettings = {
				ASSETCATALOG_COMPILER_APPICON_NAME = AppIcon;
				ASSETCATALOG_COMPILER_GLOBAL_ACCENT_COLOR_NAME = AccentColor;
				CODE_SIGN_ENTITLEMENTS = NikeClockIcon/NikeClockIcon.entitlements;
				CODE_SIGN_IDENTITY = "-";
				CODE_SIGN_STYLE = Automatic;
				COMBINE_HIDPI_IMAGES = YES;
				DEVELOPMENT_ASSET_PATHS = "\"NikeClockIcon/Preview Content\"";
				DEVELOPMENT_TEAM = 6LUKKGTQB5;
				ENABLE_HARDENED_RUNTIME = YES;
				ENABLE_PREVIEWS = YES;
				INFOPLIST_FILE = NikeClockIcon/Info.plist;
				LD_RUNPATH_SEARCH_PATHS = (
					"$(inherited)",
					"@executable_path/../Frameworks",
				);
				MACOSX_DEPLOYMENT_TARGET = 10.15;
				PRODUCT_BUNDLE_IDENTIFIER = com.tynior.courses.NikeClockIcon;
				PRODUCT_NAME = "$(TARGET_NAME)";
				SWIFT_VERSION = 5.0;
			};
			name = Debug;
		};
		90A16D3525EC249D00A71EAB /* Release */ = {
			isa = XCBuildConfiguration;
			buildSettings = {
				ASSETCATALOG_COMPILER_APPICON_NAME = AppIcon;
				ASSETCATALOG_COMPILER_GLOBAL_ACCENT_COLOR_NAME = AccentColor;
				CODE_SIGN_ENTITLEMENTS = NikeClockIcon/NikeClockIcon.entitlements;
				CODE_SIGN_IDENTITY = "-";
				CODE_SIGN_STYLE = Automatic;
				COMBINE_HIDPI_IMAGES = YES;
				DEVELOPMENT_ASSET_PATHS = "\"NikeClockIcon/Preview Content\"";
				DEVELOPMENT_TEAM = 6LUKKGTQB5;
				ENABLE_HARDENED_RUNTIME = YES;
				ENABLE_PREVIEWS = YES;
				INFOPLIST_FILE = NikeClockIcon/Info.plist;
				LD_RUNPATH_SEARCH_PATHS = (
					"$(inherited)",
					"@executable_path/../Frameworks",
				);
				MACOSX_DEPLOYMENT_TARGET = 10.15;
				PRODUCT_BUNDLE_IDENTIFIER = com.tynior.courses.NikeClockIcon;
				PRODUCT_NAME = "$(TARGET_NAME)";
				SWIFT_VERSION = 5.0;
			};
			name = Release;
		};
/* End XCBuildConfiguration section */

/* Begin XCConfigurationList section */
		90A16D1B25EC249B00A71EAB /* Build configuration list for PBXProject "NikeClockIcon" */ = {
			isa = XCConfigurationList;
			buildConfigurations = (
				90A16D3125EC249D00A71EAB /* Debug */,
				90A16D3225EC249D00A71EAB /* Release */,
			);
			defaultConfigurationIsVisible = 0;
			defaultConfigurationName = Release;
		};
		90A16D3325EC249D00A71EAB /* Build configuration list for PBXNativeTarget "NikeClockIcon" */ = {
			isa = XCConfigurationList;
			buildConfigurations = (
				90A16D3425EC249D00A71EAB /* Debug */,
				90A16D3525EC249D00A71EAB /* Release */,
			);
			defaultConfigurationIsVisible = 0;
			defaultConfigurationName = Release;
		};
/* End XCConfigurationList section */
	};
	rootObject = 90A16D1825EC249B00A71EAB /* Project object */;
}
